
Microsoft Visual Studio Solution File, Format Version 12.00
Project("{FAE04EC0-301F-11D3-BF4B-00C04F79EFBC}") = "Budget", "Budget\Budget.csproj", "{8AA4FEFF-4A29-4618-A2EE-4BB8AA29E756}"
EndProject
Project("{FAE04EC0-301F-11D3-BF4B-00C04F79EFBC}") = "BudgetTest", "BudgetTest\BudgetTest.csproj", "{69995502-12EB-4118-A0B2-69849EA3BCAD}"
EndProject
Global
	GlobalSection(SolutionConfigurationPlatforms) = preSolution
		Debug|Any CPU = Debug|Any CPU
		Release|Any CPU = Release|Any CPU
	EndGlobalSection
	GlobalSection(ProjectConfigurationPlatforms) = postSolution
		{8AA4FEFF-4A29-4618-A2EE-4BB8AA29E756}.Debug|Any CPU.ActiveCfg = Debug|Any CPU
		{8AA4FEFF-4A29-4618-A2EE-4BB8AA29E756}.Debug|Any CPU.Build.0 = Debug|Any CPU
		{8AA4FEFF-4A29-4618-A2EE-4BB8AA29E756}.Release|Any CPU.ActiveCfg = Release|Any CPU
		{8AA4FEFF-4A29-4618-A2EE-4BB8AA29E756}.Release|Any CPU.Build.0 = Release|Any CPU
		{69995502-12EB-4118-A0B2-69849EA3BCAD}.Debug|Any CPU.ActiveCfg = Debug|Any CPU
		{69995502-12EB-4118-A0B2-69849EA3BCAD}.Debug|Any CPU.Build.0 = Debug|Any CPU
		{69995502-12EB-4118-A0B2-69849EA3BCAD}.Release|Any CPU.ActiveCfg = Release|Any CPU
		{69995502-12EB-4118-A0B2-69849EA3BCAD}.Release|Any CPU.Build.0 = Release|Any CPU
	EndGlobalSection
EndGlobal
